
Microsoft Visual Studio Solution File, Format Version 12.00
# Visual Studio 15
VisualStudioVersion = 15.0.26124.0
MinimumVisualStudioVersion = 15.0.26124.0
Project("{2150E333-8FDC-42A3-9474-1A3956D46DE8}") = "Code", "Code", "{28C81349-043B-4624-B0F0-CF31CBFBACA0}"
EndProject
Project("{FAE04EC0-301F-11D3-BF4B-00C04F79EFBC}") = "bug second.Api", "Code\bug second.Api\bug second.Api.csproj", "{7F4CFE25-267F-40F6-8357-4EA1C013A00A}"
EndProject
Project("{FAE04EC0-301F-11D3-BF4B-00C04F79EFBC}") = "bug second.Business", "Code\bug second.Business\bug second.Business.csproj", "{6645A834-842E-42BD-BCFA-17FEC16EC931}"
EndProject
Project("{FAE04EC0-301F-11D3-BF4B-00C04F79EFBC}") = "bug second.Data", "Code\bug second.Data\bug second.Data.csproj", "{86908AE0-1DA2-4E8A-AAAC-558A08EE23F3}"
EndProject
Project("{FAE04EC0-301F-11D3-BF4B-00C04F79EFBC}") = "bug second.Entities", "Code\bug second.Entities\bug second.Entities.csproj", "{95FA5954-7741-4E4C-9F00-05CB0A722F7C}"
EndProject
Project("{FAE04EC0-301F-11D3-BF4B-00C04F79EFBC}") = "bug second.Test.Api", "Code\bug second.Test.Api\bug second.Test.Api.csproj", "{6D8B637B-DA85-440B-B2A3-4C7E93B7725C}"
EndProject
Project("{FAE04EC0-301F-11D3-BF4B-00C04F79EFBC}") = "bug second.Test.Business", "Code\bug second.Test.Business\bug second.Test.Business.csproj", "{5A8D3F90-74BB-413C-8384-A43537E4F460}"
EndProject
Project("{FAE04EC0-301F-11D3-BF4B-00C04F79EFBC}") = "bug second.Test.Framework", "Code\bug second.Test.Framework\bug second.Test.Framework.csproj", "{8203DF43-7ECE-4AAF-A46B-987A96D5EC2C}"
EndProject
Project("{2150E333-8FDC-42A3-9474-1A3956D46DE8}") = "Test", "Test", "{369F7CEF-0364-4B4A-885A-6D28B5905D03}"
EndProject
Global
	GlobalSection(SolutionConfigurationPlatforms) = preSolution
		Debug|Any CPU = Debug|Any CPU
		Debug|x64 = Debug|x64
		Debug|x86 = Debug|x86
		Release|Any CPU = Release|Any CPU
		Release|x64 = Release|x64
		Release|x86 = Release|x86
	EndGlobalSection
	GlobalSection(SolutionProperties) = preSolution
		HideSolutionNode = FALSE
	EndGlobalSection
	GlobalSection(ProjectConfigurationPlatforms) = postSolution
		{7F4CFE25-267F-40F6-8357-4EA1C013A00A}.Debug|Any CPU.ActiveCfg = Debug|Any CPU
		{7F4CFE25-267F-40F6-8357-4EA1C013A00A}.Debug|Any CPU.Build.0 = Debug|Any CPU
		{7F4CFE25-267F-40F6-8357-4EA1C013A00A}.Debug|x64.ActiveCfg = Debug|Any CPU
		{7F4CFE25-267F-40F6-8357-4EA1C013A00A}.Debug|x64.Build.0 = Debug|Any CPU
		{7F4CFE25-267F-40F6-8357-4EA1C013A00A}.Debug|x86.ActiveCfg = Debug|Any CPU
		{7F4CFE25-267F-40F6-8357-4EA1C013A00A}.Debug|x86.Build.0 = Debug|Any CPU
		{7F4CFE25-267F-40F6-8357-4EA1C013A00A}.Release|Any CPU.ActiveCfg = Release|Any CPU
		{7F4CFE25-267F-40F6-8357-4EA1C013A00A}.Release|Any CPU.Build.0 = Release|Any CPU
		{7F4CFE25-267F-40F6-8357-4EA1C013A00A}.Release|x64.ActiveCfg = Release|Any CPU
		{7F4CFE25-267F-40F6-8357-4EA1C013A00A}.Release|x64.Build.0 = Release|Any CPU
		{7F4CFE25-267F-40F6-8357-4EA1C013A00A}.Release|x86.ActiveCfg = Release|Any CPU
		{7F4CFE25-267F-40F6-8357-4EA1C013A00A}.Release|x86.Build.0 = Release|Any CPU
		{6645A834-842E-42BD-BCFA-17FEC16EC931}.Debug|Any CPU.ActiveCfg = Debug|Any CPU
		{6645A834-842E-42BD-BCFA-17FEC16EC931}.Debug|Any CPU.Build.0 = Debug|Any CPU
		{6645A834-842E-42BD-BCFA-17FEC16EC931}.Debug|x64.ActiveCfg = Debug|Any CPU
		{6645A834-842E-42BD-BCFA-17FEC16EC931}.Debug|x64.Build.0 = Debug|Any CPU
		{6645A834-842E-42BD-BCFA-17FEC16EC931}.Debug|x86.ActiveCfg = Debug|Any CPU
		{6645A834-842E-42BD-BCFA-17FEC16EC931}.Debug|x86.Build.0 = Debug|Any CPU
		{6645A834-842E-42BD-BCFA-17FEC16EC931}.Release|Any CPU.ActiveCfg = Release|Any CPU
		{6645A834-842E-42BD-BCFA-17FEC16EC931}.Release|Any CPU.Build.0 = Release|Any CPU
		{6645A834-842E-42BD-BCFA-17FEC16EC931}.Release|x64.ActiveCfg = Release|Any CPU
		{6645A834-842E-42BD-BCFA-17FEC16EC931}.Release|x64.Build.0 = Release|Any CPU
		{6645A834-842E-42BD-BCFA-17FEC16EC931}.Release|x86.ActiveCfg = Release|Any CPU
		{6645A834-842E-42BD-BCFA-17FEC16EC931}.Release|x86.Build.0 = Release|Any CPU
		{86908AE0-1DA2-4E8A-AAAC-558A08EE23F3}.Debug|Any CPU.ActiveCfg = Debug|Any CPU
		{86908AE0-1DA2-4E8A-AAAC-558A08EE23F3}.Debug|Any CPU.Build.0 = Debug|Any CPU
		{86908AE0-1DA2-4E8A-AAAC-558A08EE23F3}.Debug|x64.ActiveCfg = Debug|Any CPU
		{86908AE0-1DA2-4E8A-AAAC-558A08EE23F3}.Debug|x64.Build.0 = Debug|Any CPU
		{86908AE0-1DA2-4E8A-AAAC-558A08EE23F3}.Debug|x86.ActiveCfg = Debug|Any CPU
		{86908AE0-1DA2-4E8A-AAAC-558A08EE23F3}.Debug|x86.Build.0 = Debug|Any CPU
		{86908AE0-1DA2-4E8A-AAAC-558A08EE23F3}.Release|Any CPU.ActiveCfg = Release|Any CPU
		{86908AE0-1DA2-4E8A-AAAC-558A08EE23F3}.Release|Any CPU.Build.0 = Release|Any CPU
		{86908AE0-1DA2-4E8A-AAAC-558A08EE23F3}.Release|x64.ActiveCfg = Release|Any CPU
		{86908AE0-1DA2-4E8A-AAAC-558A08EE23F3}.Release|x64.Build.0 = Release|Any CPU
		{86908AE0-1DA2-4E8A-AAAC-558A08EE23F3}.Release|x86.ActiveCfg = Release|Any CPU
		{86908AE0-1DA2-4E8A-AAAC-558A08EE23F3}.Release|x86.Build.0 = Release|Any CPU
		{95FA5954-7741-4E4C-9F00-05CB0A722F7C}.Debug|Any CPU.ActiveCfg = Debug|Any CPU
		{95FA5954-7741-4E4C-9F00-05CB0A722F7C}.Debug|Any CPU.Build.0 = Debug|Any CPU
		{95FA5954-7741-4E4C-9F00-05CB0A722F7C}.Debug|x64.ActiveCfg = Debug|Any CPU
		{95FA5954-7741-4E4C-9F00-05CB0A722F7C}.Debug|x64.Build.0 = Debug|Any CPU
		{95FA5954-7741-4E4C-9F00-05CB0A722F7C}.Debug|x86.ActiveCfg = Debug|Any CPU
		{95FA5954-7741-4E4C-9F00-05CB0A722F7C}.Debug|x86.Build.0 = Debug|Any CPU
		{95FA5954-7741-4E4C-9F00-05CB0A722F7C}.Release|Any CPU.ActiveCfg = Release|Any CPU
		{95FA5954-7741-4E4C-9F00-05CB0A722F7C}.Release|Any CPU.Build.0 = Release|Any CPU
		{95FA5954-7741-4E4C-9F00-05CB0A722F7C}.Release|x64.ActiveCfg = Release|Any CPU
		{95FA5954-7741-4E4C-9F00-05CB0A722F7C}.Release|x64.Build.0 = Release|Any CPU
		{95FA5954-7741-4E4C-9F00-05CB0A722F7C}.Release|x86.ActiveCfg = Release|Any CPU
		{95FA5954-7741-4E4C-9F00-05CB0A722F7C}.Release|x86.Build.0 = Release|Any CPU
		{6D8B637B-DA85-440B-B2A3-4C7E93B7725C}.Debug|Any CPU.ActiveCfg = Debug|Any CPU
		{6D8B637B-DA85-440B-B2A3-4C7E93B7725C}.Debug|Any CPU.Build.0 = Debug|Any CPU
		{6D8B637B-DA85-440B-B2A3-4C7E93B7725C}.Debug|x64.ActiveCfg = Debug|Any CPU
		{6D8B637B-DA85-440B-B2A3-4C7E93B7725C}.Debug|x64.Build.0 = Debug|Any CPU
		{6D8B637B-DA85-440B-B2A3-4C7E93B7725C}.Debug|x86.ActiveCfg = Debug|Any CPU
		{6D8B637B-DA85-440B-B2A3-4C7E93B7725C}.Debug|x86.Build.0 = Debug|Any CPU
		{6D8B637B-DA85-440B-B2A3-4C7E93B7725C}.Release|Any CPU.ActiveCfg = Release|Any CPU
		{6D8B637B-DA85-440B-B2A3-4C7E93B7725C}.Release|Any CPU.Build.0 = Release|Any CPU
		{6D8B637B-DA85-440B-B2A3-4C7E93B7725C}.Release|x64.ActiveCfg = Release|Any CPU
		{6D8B637B-DA85-440B-B2A3-4C7E93B7725C}.Release|x64.Build.0 = Release|Any CPU
		{6D8B637B-DA85-440B-B2A3-4C7E93B7725C}.Release|x86.ActiveCfg = Release|Any CPU
		{6D8B637B-DA85-440B-B2A3-4C7E93B7725C}.Release|x86.Build.0 = Release|Any CPU
		{5A8D3F90-74BB-413C-8384-A43537E4F460}.Debug|Any CPU.ActiveCfg = Debug|Any CPU
		{5A8D3F90-74BB-413C-8384-A43537E4F460}.Debug|Any CPU.Build.0 = Debug|Any CPU
		{5A8D3F90-74BB-413C-8384-A43537E4F460}.Debug|x64.ActiveCfg = Debug|Any CPU
		{5A8D3F90-74BB-413C-8384-A43537E4F460}.Debug|x64.Build.0 = Debug|Any CPU
		{5A8D3F90-74BB-413C-8384-A43537E4F460}.Debug|x86.ActiveCfg = Debug|Any CPU
		{5A8D3F90-74BB-413C-8384-A43537E4F460}.Debug|x86.Build.0 = Debug|Any CPU
		{5A8D3F90-74BB-413C-8384-A43537E4F460}.Release|Any CPU.ActiveCfg = Release|Any CPU
		{5A8D3F90-74BB-413C-8384-A43537E4F460}.Release|Any CPU.Build.0 = Release|Any CPU
		{5A8D3F90-74BB-413C-8384-A43537E4F460}.Release|x64.ActiveCfg = Release|Any CPU
		{5A8D3F90-74BB-413C-8384-A43537E4F460}.Release|x64.Build.0 = Release|Any CPU
		{5A8D3F90-74BB-413C-8384-A43537E4F460}.Release|x86.ActiveCfg = Release|Any CPU
		{5A8D3F90-74BB-413C-8384-A43537E4F460}.Release|x86.Build.0 = Release|Any CPU
		{8203DF43-7ECE-4AAF-A46B-987A96D5EC2C}.Debug|Any CPU.ActiveCfg = Debug|Any CPU
		{8203DF43-7ECE-4AAF-A46B-987A96D5EC2C}.Debug|Any CPU.Build.0 = Debug|Any CPU
		{8203DF43-7ECE-4AAF-A46B-987A96D5EC2C}.Debug|x64.ActiveCfg = Debug|Any CPU
		{8203DF43-7ECE-4AAF-A46B-987A96D5EC2C}.Debug|x64.Build.0 = Debug|Any CPU
		{8203DF43-7ECE-4AAF-A46B-987A96D5EC2C}.Debug|x86.ActiveCfg = Debug|Any CPU
		{8203DF43-7ECE-4AAF-A46B-987A96D5EC2C}.Debug|x86.Build.0 = Debug|Any CPU
		{8203DF43-7ECE-4AAF-A46B-987A96D5EC2C}.Release|Any CPU.ActiveCfg = Release|Any CPU
		{8203DF43-7ECE-4AAF-A46B-987A96D5EC2C}.Release|Any CPU.Build.0 = Release|Any CPU
		{8203DF43-7ECE-4AAF-A46B-987A96D5EC2C}.Release|x64.ActiveCfg = Release|Any CPU
		{8203DF43-7ECE-4AAF-A46B-987A96D5EC2C}.Release|x64.Build.0 = Release|Any CPU
		{8203DF43-7ECE-4AAF-A46B-987A96D5EC2C}.Release|x86.ActiveCfg = Release|Any CPU
		{8203DF43-7ECE-4AAF-A46B-987A96D5EC2C}.Release|x86.Build.0 = Release|Any CPU
	EndGlobalSection
	GlobalSection(NestedProjects) = preSolution
		{7F4CFE25-267F-40F6-8357-4EA1C013A00A} = {28C81349-043B-4624-B0F0-CF31CBFBACA0}
		{6645A834-842E-42BD-BCFA-17FEC16EC931} = {28C81349-043B-4624-B0F0-CF31CBFBACA0}
		{86908AE0-1DA2-4E8A-AAAC-558A08EE23F3} = {28C81349-043B-4624-B0F0-CF31CBFBACA0}
		{95FA5954-7741-4E4C-9F00-05CB0A722F7C} = {28C81349-043B-4624-B0F0-CF31CBFBACA0}
		{6D8B637B-DA85-440B-B2A3-4C7E93B7725C} = {369F7CEF-0364-4B4A-885A-6D28B5905D03}
		{5A8D3F90-74BB-413C-8384-A43537E4F460} = {369F7CEF-0364-4B4A-885A-6D28B5905D03}
		{8203DF43-7ECE-4AAF-A46B-987A96D5EC2C} = {369F7CEF-0364-4B4A-885A-6D28B5905D03}
	EndGlobalSection
EndGlobal
