
Microsoft Visual Studio Solution File, Format Version 12.00
# Visual Studio 15
VisualStudioVersion = 15.0.26124.0
MinimumVisualStudioVersion = 15.0.26124.0
Project("{2150E333-8FDC-42A3-9474-1A3956D46DE8}") = "Code", "Code", "{5CF4CF5A-1012-462D-859F-5F19D99831A2}"
EndProject
Project("{FAE04EC0-301F-11D3-BF4B-00C04F79EFBC}") = "sevenseven.Api", "Code\sevenseven.Api\sevenseven.Api.csproj", "{25754393-2113-4D97-B0AE-6F04DFAE434E}"
EndProject
Project("{FAE04EC0-301F-11D3-BF4B-00C04F79EFBC}") = "sevenseven.Business", "Code\sevenseven.Business\sevenseven.Business.csproj", "{85F0F3ED-061C-48AE-BE67-FFA4905ADDB7}"
EndProject
Project("{FAE04EC0-301F-11D3-BF4B-00C04F79EFBC}") = "sevenseven.Data", "Code\sevenseven.Data\sevenseven.Data.csproj", "{FC512B2A-852D-4A7D-914C-EB7BC4E206EA}"
EndProject
Project("{FAE04EC0-301F-11D3-BF4B-00C04F79EFBC}") = "sevenseven.Entities", "Code\sevenseven.Entities\sevenseven.Entities.csproj", "{1207AF2B-3F27-427E-84E3-9FBF0F118F13}"
EndProject
Project("{FAE04EC0-301F-11D3-BF4B-00C04F79EFBC}") = "sevenseven.Test.Api", "Code\sevenseven.Test.Api\sevenseven.Test.Api.csproj", "{D76D332E-52B8-4C4B-876E-7AEE8BBDB47C}"
EndProject
Project("{FAE04EC0-301F-11D3-BF4B-00C04F79EFBC}") = "sevenseven.Test.Business", "Code\sevenseven.Test.Business\sevenseven.Test.Business.csproj", "{AC126720-590F-4E1A-809D-E221502BD724}"
EndProject
Project("{FAE04EC0-301F-11D3-BF4B-00C04F79EFBC}") = "sevenseven.Test.Framework", "Code\sevenseven.Test.Framework\sevenseven.Test.Framework.csproj", "{31339514-5532-443E-BEF2-CD996D0AA383}"
EndProject
Project("{2150E333-8FDC-42A3-9474-1A3956D46DE8}") = "Test", "Test", "{94C2E7A0-A9D0-4C95-AE01-643510921CF1}"
EndProject
Global
	GlobalSection(SolutionConfigurationPlatforms) = preSolution
		Debug|Any CPU = Debug|Any CPU
		Debug|x64 = Debug|x64
		Debug|x86 = Debug|x86
		Release|Any CPU = Release|Any CPU
		Release|x64 = Release|x64
		Release|x86 = Release|x86
	EndGlobalSection
	GlobalSection(SolutionProperties) = preSolution
		HideSolutionNode = FALSE
	EndGlobalSection
	GlobalSection(ProjectConfigurationPlatforms) = postSolution
		{25754393-2113-4D97-B0AE-6F04DFAE434E}.Debug|Any CPU.ActiveCfg = Debug|Any CPU
		{25754393-2113-4D97-B0AE-6F04DFAE434E}.Debug|Any CPU.Build.0 = Debug|Any CPU
		{25754393-2113-4D97-B0AE-6F04DFAE434E}.Debug|x64.ActiveCfg = Debug|Any CPU
		{25754393-2113-4D97-B0AE-6F04DFAE434E}.Debug|x64.Build.0 = Debug|Any CPU
		{25754393-2113-4D97-B0AE-6F04DFAE434E}.Debug|x86.ActiveCfg = Debug|Any CPU
		{25754393-2113-4D97-B0AE-6F04DFAE434E}.Debug|x86.Build.0 = Debug|Any CPU
		{25754393-2113-4D97-B0AE-6F04DFAE434E}.Release|Any CPU.ActiveCfg = Release|Any CPU
		{25754393-2113-4D97-B0AE-6F04DFAE434E}.Release|Any CPU.Build.0 = Release|Any CPU
		{25754393-2113-4D97-B0AE-6F04DFAE434E}.Release|x64.ActiveCfg = Release|Any CPU
		{25754393-2113-4D97-B0AE-6F04DFAE434E}.Release|x64.Build.0 = Release|Any CPU
		{25754393-2113-4D97-B0AE-6F04DFAE434E}.Release|x86.ActiveCfg = Release|Any CPU
		{25754393-2113-4D97-B0AE-6F04DFAE434E}.Release|x86.Build.0 = Release|Any CPU
		{85F0F3ED-061C-48AE-BE67-FFA4905ADDB7}.Debug|Any CPU.ActiveCfg = Debug|Any CPU
		{85F0F3ED-061C-48AE-BE67-FFA4905ADDB7}.Debug|Any CPU.Build.0 = Debug|Any CPU
		{85F0F3ED-061C-48AE-BE67-FFA4905ADDB7}.Debug|x64.ActiveCfg = Debug|Any CPU
		{85F0F3ED-061C-48AE-BE67-FFA4905ADDB7}.Debug|x64.Build.0 = Debug|Any CPU
		{85F0F3ED-061C-48AE-BE67-FFA4905ADDB7}.Debug|x86.ActiveCfg = Debug|Any CPU
		{85F0F3ED-061C-48AE-BE67-FFA4905ADDB7}.Debug|x86.Build.0 = Debug|Any CPU
		{85F0F3ED-061C-48AE-BE67-FFA4905ADDB7}.Release|Any CPU.ActiveCfg = Release|Any CPU
		{85F0F3ED-061C-48AE-BE67-FFA4905ADDB7}.Release|Any CPU.Build.0 = Release|Any CPU
		{85F0F3ED-061C-48AE-BE67-FFA4905ADDB7}.Release|x64.ActiveCfg = Release|Any CPU
		{85F0F3ED-061C-48AE-BE67-FFA4905ADDB7}.Release|x64.Build.0 = Release|Any CPU
		{85F0F3ED-061C-48AE-BE67-FFA4905ADDB7}.Release|x86.ActiveCfg = Release|Any CPU
		{85F0F3ED-061C-48AE-BE67-FFA4905ADDB7}.Release|x86.Build.0 = Release|Any CPU
		{FC512B2A-852D-4A7D-914C-EB7BC4E206EA}.Debug|Any CPU.ActiveCfg = Debug|Any CPU
		{FC512B2A-852D-4A7D-914C-EB7BC4E206EA}.Debug|Any CPU.Build.0 = Debug|Any CPU
		{FC512B2A-852D-4A7D-914C-EB7BC4E206EA}.Debug|x64.ActiveCfg = Debug|Any CPU
		{FC512B2A-852D-4A7D-914C-EB7BC4E206EA}.Debug|x64.Build.0 = Debug|Any CPU
		{FC512B2A-852D-4A7D-914C-EB7BC4E206EA}.Debug|x86.ActiveCfg = Debug|Any CPU
		{FC512B2A-852D-4A7D-914C-EB7BC4E206EA}.Debug|x86.Build.0 = Debug|Any CPU
		{FC512B2A-852D-4A7D-914C-EB7BC4E206EA}.Release|Any CPU.ActiveCfg = Release|Any CPU
		{FC512B2A-852D-4A7D-914C-EB7BC4E206EA}.Release|Any CPU.Build.0 = Release|Any CPU
		{FC512B2A-852D-4A7D-914C-EB7BC4E206EA}.Release|x64.ActiveCfg = Release|Any CPU
		{FC512B2A-852D-4A7D-914C-EB7BC4E206EA}.Release|x64.Build.0 = Release|Any CPU
		{FC512B2A-852D-4A7D-914C-EB7BC4E206EA}.Release|x86.ActiveCfg = Release|Any CPU
		{FC512B2A-852D-4A7D-914C-EB7BC4E206EA}.Release|x86.Build.0 = Release|Any CPU
		{1207AF2B-3F27-427E-84E3-9FBF0F118F13}.Debug|Any CPU.ActiveCfg = Debug|Any CPU
		{1207AF2B-3F27-427E-84E3-9FBF0F118F13}.Debug|Any CPU.Build.0 = Debug|Any CPU
		{1207AF2B-3F27-427E-84E3-9FBF0F118F13}.Debug|x64.ActiveCfg = Debug|Any CPU
		{1207AF2B-3F27-427E-84E3-9FBF0F118F13}.Debug|x64.Build.0 = Debug|Any CPU
		{1207AF2B-3F27-427E-84E3-9FBF0F118F13}.Debug|x86.ActiveCfg = Debug|Any CPU
		{1207AF2B-3F27-427E-84E3-9FBF0F118F13}.Debug|x86.Build.0 = Debug|Any CPU
		{1207AF2B-3F27-427E-84E3-9FBF0F118F13}.Release|Any CPU.ActiveCfg = Release|Any CPU
		{1207AF2B-3F27-427E-84E3-9FBF0F118F13}.Release|Any CPU.Build.0 = Release|Any CPU
		{1207AF2B-3F27-427E-84E3-9FBF0F118F13}.Release|x64.ActiveCfg = Release|Any CPU
		{1207AF2B-3F27-427E-84E3-9FBF0F118F13}.Release|x64.Build.0 = Release|Any CPU
		{1207AF2B-3F27-427E-84E3-9FBF0F118F13}.Release|x86.ActiveCfg = Release|Any CPU
		{1207AF2B-3F27-427E-84E3-9FBF0F118F13}.Release|x86.Build.0 = Release|Any CPU
		{D76D332E-52B8-4C4B-876E-7AEE8BBDB47C}.Debug|Any CPU.ActiveCfg = Debug|Any CPU
		{D76D332E-52B8-4C4B-876E-7AEE8BBDB47C}.Debug|Any CPU.Build.0 = Debug|Any CPU
		{D76D332E-52B8-4C4B-876E-7AEE8BBDB47C}.Debug|x64.ActiveCfg = Debug|Any CPU
		{D76D332E-52B8-4C4B-876E-7AEE8BBDB47C}.Debug|x64.Build.0 = Debug|Any CPU
		{D76D332E-52B8-4C4B-876E-7AEE8BBDB47C}.Debug|x86.ActiveCfg = Debug|Any CPU
		{D76D332E-52B8-4C4B-876E-7AEE8BBDB47C}.Debug|x86.Build.0 = Debug|Any CPU
		{D76D332E-52B8-4C4B-876E-7AEE8BBDB47C}.Release|Any CPU.ActiveCfg = Release|Any CPU
		{D76D332E-52B8-4C4B-876E-7AEE8BBDB47C}.Release|Any CPU.Build.0 = Release|Any CPU
		{D76D332E-52B8-4C4B-876E-7AEE8BBDB47C}.Release|x64.ActiveCfg = Release|Any CPU
		{D76D332E-52B8-4C4B-876E-7AEE8BBDB47C}.Release|x64.Build.0 = Release|Any CPU
		{D76D332E-52B8-4C4B-876E-7AEE8BBDB47C}.Release|x86.ActiveCfg = Release|Any CPU
		{D76D332E-52B8-4C4B-876E-7AEE8BBDB47C}.Release|x86.Build.0 = Release|Any CPU
		{AC126720-590F-4E1A-809D-E221502BD724}.Debug|Any CPU.ActiveCfg = Debug|Any CPU
		{AC126720-590F-4E1A-809D-E221502BD724}.Debug|Any CPU.Build.0 = Debug|Any CPU
		{AC126720-590F-4E1A-809D-E221502BD724}.Debug|x64.ActiveCfg = Debug|Any CPU
		{AC126720-590F-4E1A-809D-E221502BD724}.Debug|x64.Build.0 = Debug|Any CPU
		{AC126720-590F-4E1A-809D-E221502BD724}.Debug|x86.ActiveCfg = Debug|Any CPU
		{AC126720-590F-4E1A-809D-E221502BD724}.Debug|x86.Build.0 = Debug|Any CPU
		{AC126720-590F-4E1A-809D-E221502BD724}.Release|Any CPU.ActiveCfg = Release|Any CPU
		{AC126720-590F-4E1A-809D-E221502BD724}.Release|Any CPU.Build.0 = Release|Any CPU
		{AC126720-590F-4E1A-809D-E221502BD724}.Release|x64.ActiveCfg = Release|Any CPU
		{AC126720-590F-4E1A-809D-E221502BD724}.Release|x64.Build.0 = Release|Any CPU
		{AC126720-590F-4E1A-809D-E221502BD724}.Release|x86.ActiveCfg = Release|Any CPU
		{AC126720-590F-4E1A-809D-E221502BD724}.Release|x86.Build.0 = Release|Any CPU
		{31339514-5532-443E-BEF2-CD996D0AA383}.Debug|Any CPU.ActiveCfg = Debug|Any CPU
		{31339514-5532-443E-BEF2-CD996D0AA383}.Debug|Any CPU.Build.0 = Debug|Any CPU
		{31339514-5532-443E-BEF2-CD996D0AA383}.Debug|x64.ActiveCfg = Debug|Any CPU
		{31339514-5532-443E-BEF2-CD996D0AA383}.Debug|x64.Build.0 = Debug|Any CPU
		{31339514-5532-443E-BEF2-CD996D0AA383}.Debug|x86.ActiveCfg = Debug|Any CPU
		{31339514-5532-443E-BEF2-CD996D0AA383}.Debug|x86.Build.0 = Debug|Any CPU
		{31339514-5532-443E-BEF2-CD996D0AA383}.Release|Any CPU.ActiveCfg = Release|Any CPU
		{31339514-5532-443E-BEF2-CD996D0AA383}.Release|Any CPU.Build.0 = Release|Any CPU
		{31339514-5532-443E-BEF2-CD996D0AA383}.Release|x64.ActiveCfg = Release|Any CPU
		{31339514-5532-443E-BEF2-CD996D0AA383}.Release|x64.Build.0 = Release|Any CPU
		{31339514-5532-443E-BEF2-CD996D0AA383}.Release|x86.ActiveCfg = Release|Any CPU
		{31339514-5532-443E-BEF2-CD996D0AA383}.Release|x86.Build.0 = Release|Any CPU
	EndGlobalSection
	GlobalSection(NestedProjects) = preSolution
		{25754393-2113-4D97-B0AE-6F04DFAE434E} = {5CF4CF5A-1012-462D-859F-5F19D99831A2}
		{85F0F3ED-061C-48AE-BE67-FFA4905ADDB7} = {5CF4CF5A-1012-462D-859F-5F19D99831A2}
		{FC512B2A-852D-4A7D-914C-EB7BC4E206EA} = {5CF4CF5A-1012-462D-859F-5F19D99831A2}
		{1207AF2B-3F27-427E-84E3-9FBF0F118F13} = {5CF4CF5A-1012-462D-859F-5F19D99831A2}
		{D76D332E-52B8-4C4B-876E-7AEE8BBDB47C} = {94C2E7A0-A9D0-4C95-AE01-643510921CF1}
		{AC126720-590F-4E1A-809D-E221502BD724} = {94C2E7A0-A9D0-4C95-AE01-643510921CF1}
		{31339514-5532-443E-BEF2-CD996D0AA383} = {94C2E7A0-A9D0-4C95-AE01-643510921CF1}
	EndGlobalSection
EndGlobal
